
Microsoft Visual Studio Solution File, Format Version 12.00
# Visual Studio Version 17
VisualStudioVersion = 17.6.33829.357
MinimumVisualStudioVersion = 10.0.40219.1
Project("{9A19103F-16F7-4668-BE54-9A1E7A4F7556}") = "MaePaulistana", "MaePaulistana\MaePaulistana.csproj", "{69C11F85-8E59-4D6B-AB6E-E2D929798847}"
EndProject
Project("{9A19103F-16F7-4668-BE54-9A1E7A4F7556}") = "GeoModel", "..\GeoModel\GeoModel\GeoModel\GeoModel.csproj", "{896279EC-5064-4787-B59E-FC2FF340503F}"
EndProject
Global
	GlobalSection(SolutionConfigurationPlatforms) = preSolution
		Debug|Any CPU = Debug|Any CPU
		Release|Any CPU = Release|Any CPU
	EndGlobalSection
	GlobalSection(ProjectConfigurationPlatforms) = postSolution
		{69C11F85-8E59-4D6B-AB6E-E2D929798847}.Debug|Any CPU.ActiveCfg = Debug|Any CPU
		{69C11F85-8E59-4D6B-AB6E-E2D929798847}.Debug|Any CPU.Build.0 = Debug|Any CPU
		{69C11F85-8E59-4D6B-AB6E-E2D929798847}.Release|Any CPU.ActiveCfg = Release|Any CPU
		{69C11F85-8E59-4D6B-AB6E-E2D929798847}.Release|Any CPU.Build.0 = Release|Any CPU
		{896279EC-5064-4787-B59E-FC2FF340503F}.Debug|Any CPU.ActiveCfg = Debug|Any CPU
		{896279EC-5064-4787-B59E-FC2FF340503F}.Debug|Any CPU.Build.0 = Debug|Any CPU
		{896279EC-5064-4787-B59E-FC2FF340503F}.Release|Any CPU.ActiveCfg = Release|Any CPU
		{896279EC-5064-4787-B59E-FC2FF340503F}.Release|Any CPU.Build.0 = Release|Any CPU
	EndGlobalSection
	GlobalSection(SolutionProperties) = preSolution
		HideSolutionNode = FALSE
	EndGlobalSection
	GlobalSection(ExtensibilityGlobals) = postSolution
		SolutionGuid = {5525B4DE-13EB-42FD-9C73-029B42D625FD}
	EndGlobalSection
EndGlobal
